
Microsoft Visual Studio Solution File, Format Version 12.00
# Visual Studio Version 16
VisualStudioVersion = 16.0.29215.179
MinimumVisualStudioVersion = 10.0.40219.1
Project("{FAE04EC0-301F-11D3-BF4B-00C04F79EFBC}") = "Tasks1C", "Tasks1C.csproj", "{4193F687-A770-47B2-A174-A74B53D1890B}"
EndProject
Global
	GlobalSection(SolutionConfigurationPlatforms) = preSolution
		Debug|Any CPU = Debug|Any CPU
		Release|Any CPU = Release|Any CPU
	EndGlobalSection
	GlobalSection(ProjectConfigurationPlatforms) = postSolution
		{4193F687-A770-47B2-A174-A74B53D1890B}.Debug|Any CPU.ActiveCfg = Debug|Any CPU
		{4193F687-A770-47B2-A174-A74B53D1890B}.Debug|Any CPU.Build.0 = Debug|Any CPU
		{4193F687-A770-47B2-A174-A74B53D1890B}.Release|Any CPU.ActiveCfg = Release|Any CPU
		{4193F687-A770-47B2-A174-A74B53D1890B}.Release|Any CPU.Build.0 = Release|Any CPU
	EndGlobalSection
	GlobalSection(SolutionProperties) = preSolution
		HideSolutionNode = FALSE
	EndGlobalSection
	GlobalSection(ExtensibilityGlobals) = postSolution
		SolutionGuid = {783C34BE-BD72-4C73-8875-E7D746FE451F}
	EndGlobalSection
EndGlobal
