
Microsoft Visual Studio Solution File, Format Version 12.00
# Visual Studio Version 16
VisualStudioVersion = 16.0.29215.179
MinimumVisualStudioVersion = 10.0.40219.1
Project("{FAE04EC0-301F-11D3-BF4B-00C04F79EFBC}") = "cSharpTrainings1", "cSharpTrainings1\cSharpTrainings1.csproj", "{7F05C984-AAFD-4494-9FB4-E649DDFAC1CA}"
EndProject
Project("{FAE04EC0-301F-11D3-BF4B-00C04F79EFBC}") = "Task1.1", "Task1\Task1.1.csproj", "{EFF19C19-C957-4B67-B460-B255514F412C}"
EndProject
Project("{FAE04EC0-301F-11D3-BF4B-00C04F79EFBC}") = "Task25", "Task25\Task25.csproj", "{DA7434C7-D0D9-4F40-9E56-EF30BA24E7EA}"
EndProject
Project("{FAE04EC0-301F-11D3-BF4B-00C04F79EFBC}") = "Task24", "Task24\Task24.csproj", "{6E24353C-42CB-41E9-9CF2-30CBFECCA3A0}"
EndProject
Project("{FAE04EC0-301F-11D3-BF4B-00C04F79EFBC}") = "Task23", "Task23\Task23.csproj", "{CECDFC3D-3BA0-4FDC-94C0-68F678D9C61A}"
EndProject
Project("{FAE04EC0-301F-11D3-BF4B-00C04F79EFBC}") = "Task22", "Task22\Task22.csproj", "{DDF70AF5-762B-4927-9746-60CA5A9AAF24}"
EndProject
Project("{FAE04EC0-301F-11D3-BF4B-00C04F79EFBC}") = "Task21", "Task21\Task21.csproj", "{6D5BE81E-529E-43E8-A308-D34FF1ADE274}"
EndProject
Project("{FAE04EC0-301F-11D3-BF4B-00C04F79EFBC}") = "Task20", "Task20\Task20.csproj", "{37BF9F81-A725-49A3-B9AF-1708FDC3BE84}"
EndProject
Project("{FAE04EC0-301F-11D3-BF4B-00C04F79EFBC}") = "Task19", "Task19\Task19.csproj", "{A6A0FFC4-437F-46F5-AA04-39725583CB88}"
EndProject
Project("{FAE04EC0-301F-11D3-BF4B-00C04F79EFBC}") = "Task18", "Task18\Task18.csproj", "{E79A63C6-ED67-48D6-82E7-3600645342AC}"
EndProject
Project("{FAE04EC0-301F-11D3-BF4B-00C04F79EFBC}") = "Task17", "Task17\Task17.csproj", "{6B05043F-2ACE-4D86-A774-515D88D324A6}"
EndProject
Project("{FAE04EC0-301F-11D3-BF4B-00C04F79EFBC}") = "Task16", "Task16\Task16.csproj", "{BE0B0616-03F3-415C-8ADB-F3F300668065}"
EndProject
Project("{FAE04EC0-301F-11D3-BF4B-00C04F79EFBC}") = "Task15", "Task15\Task15.csproj", "{43EC78F9-996C-4F49-A0E7-12E302A4347D}"
EndProject
Project("{FAE04EC0-301F-11D3-BF4B-00C04F79EFBC}") = "Task14", "Task14\Task14.csproj", "{3B1DF74C-AB98-4D81-80B8-46C47A054CC6}"
EndProject
Project("{FAE04EC0-301F-11D3-BF4B-00C04F79EFBC}") = "Task13", "Task13\Task13.csproj", "{667E8420-F0A5-415A-8871-CDA0A4D1270F}"
EndProject
Project("{FAE04EC0-301F-11D3-BF4B-00C04F79EFBC}") = "Task1.12", "Task12\Task1.12.csproj", "{D0CFC7FF-E5C9-44FE-A442-CD66C748BA61}"
EndProject
Project("{FAE04EC0-301F-11D3-BF4B-00C04F79EFBC}") = "Task_1.11", "Task11\Task_1.11.csproj", "{AFB8D831-0284-42E9-9040-158ABA52E868}"
EndProject
Project("{FAE04EC0-301F-11D3-BF4B-00C04F79EFBC}") = "Task1.10,11", "Task10\Task1.10,11.csproj", "{692867F4-74FC-4DC3-9573-87D3E0059C3D}"
EndProject
Project("{FAE04EC0-301F-11D3-BF4B-00C04F79EFBC}") = "Task1.6,7", "Task6\Task1.6,7.csproj", "{E9410402-7A40-4E8D-86AD-380C3788E75F}"
EndProject
Project("{FAE04EC0-301F-11D3-BF4B-00C04F79EFBC}") = "Task1.4,5", "Task4\Task1.4,5.csproj", "{2C9B0E08-8117-4D86-A1BF-5B49C2B0FCCA}"
EndProject
Project("{FAE04EC0-301F-11D3-BF4B-00C04F79EFBC}") = "Task1.3", "Task3\Task1.3.csproj", "{CB4C8A49-2C8C-4E9B-9D17-7A4C9CDC5968}"
EndProject
Project("{FAE04EC0-301F-11D3-BF4B-00C04F79EFBC}") = "Task1.2", "Task2\Task1.2.csproj", "{E865FF4B-0067-4E28-9012-44EACE31A1F0}"
EndProject
Project("{FAE04EC0-301F-11D3-BF4B-00C04F79EFBC}") = "Task26,27,28", "Task26\Task26,27,28.csproj", "{DC24C41F-6785-42B8-A499-62CB8904B594}"
EndProject
Project("{FAE04EC0-301F-11D3-BF4B-00C04F79EFBC}") = "Task29", "Task28\Task29.csproj", "{389BEE49-6B9C-46A1-9064-6D60F48E5242}"
EndProject
Project("{FAE04EC0-301F-11D3-BF4B-00C04F79EFBC}") = "Task30,31", "Task30\Task30,31.csproj", "{C60C5476-E8BA-4959-8075-4C60C9C938FD}"
EndProject
Project("{FAE04EC0-301F-11D3-BF4B-00C04F79EFBC}") = "Task32", "Task32\Task32.csproj", "{6AF58C64-3C90-46E4-AAB7-AB410D6ED14A}"
EndProject
Global
	GlobalSection(SolutionConfigurationPlatforms) = preSolution
		Debug|Any CPU = Debug|Any CPU
		Release|Any CPU = Release|Any CPU
	EndGlobalSection
	GlobalSection(ProjectConfigurationPlatforms) = postSolution
		{7F05C984-AAFD-4494-9FB4-E649DDFAC1CA}.Debug|Any CPU.ActiveCfg = Debug|Any CPU
		{7F05C984-AAFD-4494-9FB4-E649DDFAC1CA}.Debug|Any CPU.Build.0 = Debug|Any CPU
		{7F05C984-AAFD-4494-9FB4-E649DDFAC1CA}.Release|Any CPU.ActiveCfg = Release|Any CPU
		{7F05C984-AAFD-4494-9FB4-E649DDFAC1CA}.Release|Any CPU.Build.0 = Release|Any CPU
		{EFF19C19-C957-4B67-B460-B255514F412C}.Debug|Any CPU.ActiveCfg = Debug|Any CPU
		{EFF19C19-C957-4B67-B460-B255514F412C}.Debug|Any CPU.Build.0 = Debug|Any CPU
		{EFF19C19-C957-4B67-B460-B255514F412C}.Release|Any CPU.ActiveCfg = Release|Any CPU
		{EFF19C19-C957-4B67-B460-B255514F412C}.Release|Any CPU.Build.0 = Release|Any CPU
		{DA7434C7-D0D9-4F40-9E56-EF30BA24E7EA}.Debug|Any CPU.ActiveCfg = Debug|Any CPU
		{DA7434C7-D0D9-4F40-9E56-EF30BA24E7EA}.Debug|Any CPU.Build.0 = Debug|Any CPU
		{DA7434C7-D0D9-4F40-9E56-EF30BA24E7EA}.Release|Any CPU.ActiveCfg = Release|Any CPU
		{DA7434C7-D0D9-4F40-9E56-EF30BA24E7EA}.Release|Any CPU.Build.0 = Release|Any CPU
		{6E24353C-42CB-41E9-9CF2-30CBFECCA3A0}.Debug|Any CPU.ActiveCfg = Debug|Any CPU
		{6E24353C-42CB-41E9-9CF2-30CBFECCA3A0}.Debug|Any CPU.Build.0 = Debug|Any CPU
		{6E24353C-42CB-41E9-9CF2-30CBFECCA3A0}.Release|Any CPU.ActiveCfg = Release|Any CPU
		{6E24353C-42CB-41E9-9CF2-30CBFECCA3A0}.Release|Any CPU.Build.0 = Release|Any CPU
		{CECDFC3D-3BA0-4FDC-94C0-68F678D9C61A}.Debug|Any CPU.ActiveCfg = Debug|Any CPU
		{CECDFC3D-3BA0-4FDC-94C0-68F678D9C61A}.Debug|Any CPU.Build.0 = Debug|Any CPU
		{CECDFC3D-3BA0-4FDC-94C0-68F678D9C61A}.Release|Any CPU.ActiveCfg = Release|Any CPU
		{CECDFC3D-3BA0-4FDC-94C0-68F678D9C61A}.Release|Any CPU.Build.0 = Release|Any CPU
		{DDF70AF5-762B-4927-9746-60CA5A9AAF24}.Debug|Any CPU.ActiveCfg = Debug|Any CPU
		{DDF70AF5-762B-4927-9746-60CA5A9AAF24}.Debug|Any CPU.Build.0 = Debug|Any CPU
		{DDF70AF5-762B-4927-9746-60CA5A9AAF24}.Release|Any CPU.ActiveCfg = Release|Any CPU
		{DDF70AF5-762B-4927-9746-60CA5A9AAF24}.Release|Any CPU.Build.0 = Release|Any CPU
		{6D5BE81E-529E-43E8-A308-D34FF1ADE274}.Debug|Any CPU.ActiveCfg = Debug|Any CPU
		{6D5BE81E-529E-43E8-A308-D34FF1ADE274}.Debug|Any CPU.Build.0 = Debug|Any CPU
		{6D5BE81E-529E-43E8-A308-D34FF1ADE274}.Release|Any CPU.ActiveCfg = Release|Any CPU
		{6D5BE81E-529E-43E8-A308-D34FF1ADE274}.Release|Any CPU.Build.0 = Release|Any CPU
		{37BF9F81-A725-49A3-B9AF-1708FDC3BE84}.Debug|Any CPU.ActiveCfg = Debug|Any CPU
		{37BF9F81-A725-49A3-B9AF-1708FDC3BE84}.Debug|Any CPU.Build.0 = Debug|Any CPU
		{37BF9F81-A725-49A3-B9AF-1708FDC3BE84}.Release|Any CPU.ActiveCfg = Release|Any CPU
		{37BF9F81-A725-49A3-B9AF-1708FDC3BE84}.Release|Any CPU.Build.0 = Release|Any CPU
		{A6A0FFC4-437F-46F5-AA04-39725583CB88}.Debug|Any CPU.ActiveCfg = Debug|Any CPU
		{A6A0FFC4-437F-46F5-AA04-39725583CB88}.Debug|Any CPU.Build.0 = Debug|Any CPU
		{A6A0FFC4-437F-46F5-AA04-39725583CB88}.Release|Any CPU.ActiveCfg = Release|Any CPU
		{A6A0FFC4-437F-46F5-AA04-39725583CB88}.Release|Any CPU.Build.0 = Release|Any CPU
		{E79A63C6-ED67-48D6-82E7-3600645342AC}.Debug|Any CPU.ActiveCfg = Debug|Any CPU
		{E79A63C6-ED67-48D6-82E7-3600645342AC}.Debug|Any CPU.Build.0 = Debug|Any CPU
		{E79A63C6-ED67-48D6-82E7-3600645342AC}.Release|Any CPU.ActiveCfg = Release|Any CPU
		{E79A63C6-ED67-48D6-82E7-3600645342AC}.Release|Any CPU.Build.0 = Release|Any CPU
		{6B05043F-2ACE-4D86-A774-515D88D324A6}.Debug|Any CPU.ActiveCfg = Debug|Any CPU
		{6B05043F-2ACE-4D86-A774-515D88D324A6}.Debug|Any CPU.Build.0 = Debug|Any CPU
		{6B05043F-2ACE-4D86-A774-515D88D324A6}.Release|Any CPU.ActiveCfg = Release|Any CPU
		{6B05043F-2ACE-4D86-A774-515D88D324A6}.Release|Any CPU.Build.0 = Release|Any CPU
		{BE0B0616-03F3-415C-8ADB-F3F300668065}.Debug|Any CPU.ActiveCfg = Debug|Any CPU
		{BE0B0616-03F3-415C-8ADB-F3F300668065}.Debug|Any CPU.Build.0 = Debug|Any CPU
		{BE0B0616-03F3-415C-8ADB-F3F300668065}.Release|Any CPU.ActiveCfg = Release|Any CPU
		{BE0B0616-03F3-415C-8ADB-F3F300668065}.Release|Any CPU.Build.0 = Release|Any CPU
		{43EC78F9-996C-4F49-A0E7-12E302A4347D}.Debug|Any CPU.ActiveCfg = Debug|Any CPU
		{43EC78F9-996C-4F49-A0E7-12E302A4347D}.Debug|Any CPU.Build.0 = Debug|Any CPU
		{43EC78F9-996C-4F49-A0E7-12E302A4347D}.Release|Any CPU.ActiveCfg = Release|Any CPU
		{43EC78F9-996C-4F49-A0E7-12E302A4347D}.Release|Any CPU.Build.0 = Release|Any CPU
		{3B1DF74C-AB98-4D81-80B8-46C47A054CC6}.Debug|Any CPU.ActiveCfg = Debug|Any CPU
		{3B1DF74C-AB98-4D81-80B8-46C47A054CC6}.Debug|Any CPU.Build.0 = Debug|Any CPU
		{3B1DF74C-AB98-4D81-80B8-46C47A054CC6}.Release|Any CPU.ActiveCfg = Release|Any CPU
		{3B1DF74C-AB98-4D81-80B8-46C47A054CC6}.Release|Any CPU.Build.0 = Release|Any CPU
		{667E8420-F0A5-415A-8871-CDA0A4D1270F}.Debug|Any CPU.ActiveCfg = Debug|Any CPU
		{667E8420-F0A5-415A-8871-CDA0A4D1270F}.Debug|Any CPU.Build.0 = Debug|Any CPU
		{667E8420-F0A5-415A-8871-CDA0A4D1270F}.Release|Any CPU.ActiveCfg = Release|Any CPU
		{667E8420-F0A5-415A-8871-CDA0A4D1270F}.Release|Any CPU.Build.0 = Release|Any CPU
		{D0CFC7FF-E5C9-44FE-A442-CD66C748BA61}.Debug|Any CPU.ActiveCfg = Debug|Any CPU
		{D0CFC7FF-E5C9-44FE-A442-CD66C748BA61}.Debug|Any CPU.Build.0 = Debug|Any CPU
		{D0CFC7FF-E5C9-44FE-A442-CD66C748BA61}.Release|Any CPU.ActiveCfg = Release|Any CPU
		{D0CFC7FF-E5C9-44FE-A442-CD66C748BA61}.Release|Any CPU.Build.0 = Release|Any CPU
		{AFB8D831-0284-42E9-9040-158ABA52E868}.Debug|Any CPU.ActiveCfg = Debug|Any CPU
		{AFB8D831-0284-42E9-9040-158ABA52E868}.Debug|Any CPU.Build.0 = Debug|Any CPU
		{AFB8D831-0284-42E9-9040-158ABA52E868}.Release|Any CPU.ActiveCfg = Release|Any CPU
		{AFB8D831-0284-42E9-9040-158ABA52E868}.Release|Any CPU.Build.0 = Release|Any CPU
		{692867F4-74FC-4DC3-9573-87D3E0059C3D}.Debug|Any CPU.ActiveCfg = Debug|Any CPU
		{692867F4-74FC-4DC3-9573-87D3E0059C3D}.Debug|Any CPU.Build.0 = Debug|Any CPU
		{692867F4-74FC-4DC3-9573-87D3E0059C3D}.Release|Any CPU.ActiveCfg = Release|Any CPU
		{692867F4-74FC-4DC3-9573-87D3E0059C3D}.Release|Any CPU.Build.0 = Release|Any CPU
		{E9410402-7A40-4E8D-86AD-380C3788E75F}.Debug|Any CPU.ActiveCfg = Debug|Any CPU
		{E9410402-7A40-4E8D-86AD-380C3788E75F}.Debug|Any CPU.Build.0 = Debug|Any CPU
		{E9410402-7A40-4E8D-86AD-380C3788E75F}.Release|Any CPU.ActiveCfg = Release|Any CPU
		{E9410402-7A40-4E8D-86AD-380C3788E75F}.Release|Any CPU.Build.0 = Release|Any CPU
		{2C9B0E08-8117-4D86-A1BF-5B49C2B0FCCA}.Debug|Any CPU.ActiveCfg = Debug|Any CPU
		{2C9B0E08-8117-4D86-A1BF-5B49C2B0FCCA}.Debug|Any CPU.Build.0 = Debug|Any CPU
		{2C9B0E08-8117-4D86-A1BF-5B49C2B0FCCA}.Release|Any CPU.ActiveCfg = Release|Any CPU
		{2C9B0E08-8117-4D86-A1BF-5B49C2B0FCCA}.Release|Any CPU.Build.0 = Release|Any CPU
		{CB4C8A49-2C8C-4E9B-9D17-7A4C9CDC5968}.Debug|Any CPU.ActiveCfg = Debug|Any CPU
		{CB4C8A49-2C8C-4E9B-9D17-7A4C9CDC5968}.Debug|Any CPU.Build.0 = Debug|Any CPU
		{CB4C8A49-2C8C-4E9B-9D17-7A4C9CDC5968}.Release|Any CPU.ActiveCfg = Release|Any CPU
		{CB4C8A49-2C8C-4E9B-9D17-7A4C9CDC5968}.Release|Any CPU.Build.0 = Release|Any CPU
		{E865FF4B-0067-4E28-9012-44EACE31A1F0}.Debug|Any CPU.ActiveCfg = Debug|Any CPU
		{E865FF4B-0067-4E28-9012-44EACE31A1F0}.Debug|Any CPU.Build.0 = Debug|Any CPU
		{E865FF4B-0067-4E28-9012-44EACE31A1F0}.Release|Any CPU.ActiveCfg = Release|Any CPU
		{E865FF4B-0067-4E28-9012-44EACE31A1F0}.Release|Any CPU.Build.0 = Release|Any CPU
		{DC24C41F-6785-42B8-A499-62CB8904B594}.Debug|Any CPU.ActiveCfg = Debug|Any CPU
		{DC24C41F-6785-42B8-A499-62CB8904B594}.Debug|Any CPU.Build.0 = Debug|Any CPU
		{DC24C41F-6785-42B8-A499-62CB8904B594}.Release|Any CPU.ActiveCfg = Release|Any CPU
		{DC24C41F-6785-42B8-A499-62CB8904B594}.Release|Any CPU.Build.0 = Release|Any CPU
		{389BEE49-6B9C-46A1-9064-6D60F48E5242}.Debug|Any CPU.ActiveCfg = Debug|Any CPU
		{389BEE49-6B9C-46A1-9064-6D60F48E5242}.Debug|Any CPU.Build.0 = Debug|Any CPU
		{389BEE49-6B9C-46A1-9064-6D60F48E5242}.Release|Any CPU.ActiveCfg = Release|Any CPU
		{389BEE49-6B9C-46A1-9064-6D60F48E5242}.Release|Any CPU.Build.0 = Release|Any CPU
		{C60C5476-E8BA-4959-8075-4C60C9C938FD}.Debug|Any CPU.ActiveCfg = Debug|Any CPU
		{C60C5476-E8BA-4959-8075-4C60C9C938FD}.Debug|Any CPU.Build.0 = Debug|Any CPU
		{C60C5476-E8BA-4959-8075-4C60C9C938FD}.Release|Any CPU.ActiveCfg = Release|Any CPU
		{C60C5476-E8BA-4959-8075-4C60C9C938FD}.Release|Any CPU.Build.0 = Release|Any CPU
		{6AF58C64-3C90-46E4-AAB7-AB410D6ED14A}.Debug|Any CPU.ActiveCfg = Debug|Any CPU
		{6AF58C64-3C90-46E4-AAB7-AB410D6ED14A}.Debug|Any CPU.Build.0 = Debug|Any CPU
		{6AF58C64-3C90-46E4-AAB7-AB410D6ED14A}.Release|Any CPU.ActiveCfg = Release|Any CPU
		{6AF58C64-3C90-46E4-AAB7-AB410D6ED14A}.Release|Any CPU.Build.0 = Release|Any CPU
	EndGlobalSection
	GlobalSection(SolutionProperties) = preSolution
		HideSolutionNode = FALSE
	EndGlobalSection
	GlobalSection(ExtensibilityGlobals) = postSolution
		SolutionGuid = {B23A3B00-2849-4147-8F81-D6AC11A6A8FB}
	EndGlobalSection
EndGlobal
