
Microsoft Visual Studio Solution File, Format Version 12.00
# Visual Studio Version 16
VisualStudioVersion = 16.0.29215.179
MinimumVisualStudioVersion = 10.0.40219.1
Project("{FAE04EC0-301F-11D3-BF4B-00C04F79EFBC}") = "Task_1.2", "Task_1.2\Task_1.2.csproj", "{E865FF4B-0067-4E28-9012-44EACE31A1F0}"
EndProject
Project("{FAE04EC0-301F-11D3-BF4B-00C04F79EFBC}") = "Task_1.1", "Task1.1\Task_1.1.csproj", "{EFF19C19-C957-4B67-B460-B255514F412C}"
EndProject
Project("{FAE04EC0-301F-11D3-BF4B-00C04F79EFBC}") = "Task_1.3", "Task_1.3\Task_1.3.csproj", "{CB4C8A49-2C8C-4E9B-9D17-7A4C9CDC5968}"
EndProject
Project("{FAE04EC0-301F-11D3-BF4B-00C04F79EFBC}") = "Task_1.4,5", "Task_1.4\Task_1.4,5.csproj", "{2C9B0E08-8117-4D86-A1BF-5B49C2B0FCCA}"
EndProject
Project("{FAE04EC0-301F-11D3-BF4B-00C04F79EFBC}") = "Task_1.6,7", "Task_1.6\Task_1.6,7.csproj", "{E9410402-7A40-4E8D-86AD-380C3788E75F}"
EndProject
Project("{FAE04EC0-301F-11D3-BF4B-00C04F79EFBC}") = "Task_1.9", "Task_1.9\Task_1.9.csproj", "{1D9DFC21-E850-4B9C-AFF5-FBA0CA2E460B}"
EndProject
Project("{FAE04EC0-301F-11D3-BF4B-00C04F79EFBC}") = "Task_1.8", "Task_1.8\Task_1.8.csproj", "{1F3FBD5C-BDA4-4EAB-B227-634059BD1677}"
EndProject
Project("{FAE04EC0-301F-11D3-BF4B-00C04F79EFBC}") = "Task_1.10,11", "Task_1.10\Task_1.10,11.csproj", "{692867F4-74FC-4DC3-9573-87D3E0059C3D}"
EndProject
Project("{FAE04EC0-301F-11D3-BF4B-00C04F79EFBC}") = "Task_1.12", "Task_1.12\Task_1.12.csproj", "{D0CFC7FF-E5C9-44FE-A442-CD66C748BA61}"
EndProject
Global
	GlobalSection(SolutionConfigurationPlatforms) = preSolution
		Debug|Any CPU = Debug|Any CPU
		Release|Any CPU = Release|Any CPU
	EndGlobalSection
	GlobalSection(ProjectConfigurationPlatforms) = postSolution
		{E865FF4B-0067-4E28-9012-44EACE31A1F0}.Debug|Any CPU.ActiveCfg = Debug|Any CPU
		{E865FF4B-0067-4E28-9012-44EACE31A1F0}.Debug|Any CPU.Build.0 = Debug|Any CPU
		{E865FF4B-0067-4E28-9012-44EACE31A1F0}.Release|Any CPU.ActiveCfg = Release|Any CPU
		{E865FF4B-0067-4E28-9012-44EACE31A1F0}.Release|Any CPU.Build.0 = Release|Any CPU
		{EFF19C19-C957-4B67-B460-B255514F412C}.Debug|Any CPU.ActiveCfg = Debug|Any CPU
		{EFF19C19-C957-4B67-B460-B255514F412C}.Debug|Any CPU.Build.0 = Debug|Any CPU
		{EFF19C19-C957-4B67-B460-B255514F412C}.Release|Any CPU.ActiveCfg = Release|Any CPU
		{EFF19C19-C957-4B67-B460-B255514F412C}.Release|Any CPU.Build.0 = Release|Any CPU
		{CB4C8A49-2C8C-4E9B-9D17-7A4C9CDC5968}.Debug|Any CPU.ActiveCfg = Debug|Any CPU
		{CB4C8A49-2C8C-4E9B-9D17-7A4C9CDC5968}.Debug|Any CPU.Build.0 = Debug|Any CPU
		{CB4C8A49-2C8C-4E9B-9D17-7A4C9CDC5968}.Release|Any CPU.ActiveCfg = Release|Any CPU
		{CB4C8A49-2C8C-4E9B-9D17-7A4C9CDC5968}.Release|Any CPU.Build.0 = Release|Any CPU
		{2C9B0E08-8117-4D86-A1BF-5B49C2B0FCCA}.Debug|Any CPU.ActiveCfg = Debug|Any CPU
		{2C9B0E08-8117-4D86-A1BF-5B49C2B0FCCA}.Debug|Any CPU.Build.0 = Debug|Any CPU
		{2C9B0E08-8117-4D86-A1BF-5B49C2B0FCCA}.Release|Any CPU.ActiveCfg = Release|Any CPU
		{2C9B0E08-8117-4D86-A1BF-5B49C2B0FCCA}.Release|Any CPU.Build.0 = Release|Any CPU
		{E9410402-7A40-4E8D-86AD-380C3788E75F}.Debug|Any CPU.ActiveCfg = Debug|Any CPU
		{E9410402-7A40-4E8D-86AD-380C3788E75F}.Debug|Any CPU.Build.0 = Debug|Any CPU
		{E9410402-7A40-4E8D-86AD-380C3788E75F}.Release|Any CPU.ActiveCfg = Release|Any CPU
		{E9410402-7A40-4E8D-86AD-380C3788E75F}.Release|Any CPU.Build.0 = Release|Any CPU
		{1D9DFC21-E850-4B9C-AFF5-FBA0CA2E460B}.Debug|Any CPU.ActiveCfg = Debug|Any CPU
		{1D9DFC21-E850-4B9C-AFF5-FBA0CA2E460B}.Debug|Any CPU.Build.0 = Debug|Any CPU
		{1D9DFC21-E850-4B9C-AFF5-FBA0CA2E460B}.Release|Any CPU.ActiveCfg = Release|Any CPU
		{1D9DFC21-E850-4B9C-AFF5-FBA0CA2E460B}.Release|Any CPU.Build.0 = Release|Any CPU
		{1F3FBD5C-BDA4-4EAB-B227-634059BD1677}.Debug|Any CPU.ActiveCfg = Debug|Any CPU
		{1F3FBD5C-BDA4-4EAB-B227-634059BD1677}.Debug|Any CPU.Build.0 = Debug|Any CPU
		{1F3FBD5C-BDA4-4EAB-B227-634059BD1677}.Release|Any CPU.ActiveCfg = Release|Any CPU
		{1F3FBD5C-BDA4-4EAB-B227-634059BD1677}.Release|Any CPU.Build.0 = Release|Any CPU
		{692867F4-74FC-4DC3-9573-87D3E0059C3D}.Debug|Any CPU.ActiveCfg = Debug|Any CPU
		{692867F4-74FC-4DC3-9573-87D3E0059C3D}.Debug|Any CPU.Build.0 = Debug|Any CPU
		{692867F4-74FC-4DC3-9573-87D3E0059C3D}.Release|Any CPU.ActiveCfg = Release|Any CPU
		{692867F4-74FC-4DC3-9573-87D3E0059C3D}.Release|Any CPU.Build.0 = Release|Any CPU
		{D0CFC7FF-E5C9-44FE-A442-CD66C748BA61}.Debug|Any CPU.ActiveCfg = Debug|Any CPU
		{D0CFC7FF-E5C9-44FE-A442-CD66C748BA61}.Debug|Any CPU.Build.0 = Debug|Any CPU
		{D0CFC7FF-E5C9-44FE-A442-CD66C748BA61}.Release|Any CPU.ActiveCfg = Release|Any CPU
		{D0CFC7FF-E5C9-44FE-A442-CD66C748BA61}.Release|Any CPU.Build.0 = Release|Any CPU
	EndGlobalSection
	GlobalSection(SolutionProperties) = preSolution
		HideSolutionNode = FALSE
	EndGlobalSection
	GlobalSection(ExtensibilityGlobals) = postSolution
		SolutionGuid = {381F3B05-98B5-4E1E-8395-00516E898E89}
	EndGlobalSection
EndGlobal
